# This file was autogenerated by Stack.
# You should not edit this file by hand.
# For more information, please see the documentation at:
#   https://docs.haskellstack.org/en/stable/lock_files

packages:
- completed:
    hackage: calamity-0.1.20.1@sha256:d3cb57f415d576c7d18ae6bbf11428a612b02df7e4a059d7e90f936f38183c91,6707
    pantry-tree:
      size: 8147
      sha256: 6c581c6d5dba4e1f4217e0effa534c28fa6f9760a6230a9a1c344eb412c15bff
  original:
    hackage: calamity-0.1.20.1@sha256:d3cb57f415d576c7d18ae6bbf11428a612b02df7e4a059d7e90f936f38183c91,6707
- completed:
    hackage: data-flags-0.0.3.4@sha256:a133f2912e0e22f03419dc89a04b1e117ff6290f1777f5b7f037f683b80ed2cf,1097
    pantry-tree:
      size: 383
      sha256: fabce261d22601659cc3aeab1d5bb8f918dd3f8a8b01a8b9c483a08113a2535a
  original:
    hackage: data-flags-0.0.3.4@sha256:a133f2912e0e22f03419dc89a04b1e117ff6290f1777f5b7f037f683b80ed2cf,1097
- completed:
    hackage: df1-0.4@sha256:b430ee7e0abda6ce9ef03b9fbe532a7384e6de1b4873357cc116db9f614ce398,1104
    pantry-tree:
      size: 531
      sha256: 1685f225d30b6291d67d96467d374b2e727d7c0877d7ea7724fd80d331130485
  original:
    hackage: df1-0.4@sha256:b430ee7e0abda6ce9ef03b9fbe532a7384e6de1b4873357cc116db9f614ce398,1104
- completed:
    hackage: di-polysemy-0.2.0.0@sha256:9da81102b7e5b2782e4f7194189cde552f042c94ac875ef8f542f6620035f885,2160
    pantry-tree:
      size: 320
      sha256: 103285358a5c2430e3fadd2c35ab285536c05164db1b78ed7155e9ef2e3fae42
  original:
    hackage: di-polysemy-0.2.0.0@sha256:9da81102b7e5b2782e4f7194189cde552f042c94ac875ef8f542f6620035f885,2160
- completed:
    hackage: generic-override-0.0.0.0@sha256:4022243b06e2f225a5d09c54e26a3f545f6bc5cce07a7a8267d10fa64344a189,924
    pantry-tree:
      size: 389
      sha256: a5faf528b3536c92314f12eeba87a9e53bec30ac0738f3b1956d1e21e6647261
  original:
    hackage: generic-override-0.0.0.0@sha256:4022243b06e2f225a5d09c54e26a3f545f6bc5cce07a7a8267d10fa64344a189,924
- completed:
    hackage: generic-override-aeson-0.0.0.0@sha256:b36feb72bf33b8c93e75faac7ea99bbebfec5a22c1259d844706fd03fe71b34e,1446
    pantry-tree:
      size: 301
      sha256: 170c425ee5ed0a520e638c24d9409e6595c7c2dd7c6032c1394eb9fe9c974de6
  original:
    hackage: generic-override-aeson-0.0.0.0@sha256:b36feb72bf33b8c93e75faac7ea99bbebfec5a22c1259d844706fd03fe71b34e,1446
- completed:
    hackage: polysemy-plugin-0.2.5.1@sha256:61c6c0aad2852377aa5d5a8f9639a437905e3a6f0e2a99a41e96fb231dc86836,2952
    pantry-tree:
      size: 1232
      sha256: 9720d9a1675c7ac3e2635b8c9f002f7ab0764eb60738a3405603cb33bdffc493
  original:
    hackage: polysemy-plugin-0.2.5.1@sha256:61c6c0aad2852377aa5d5a8f9639a437905e3a6f0e2a99a41e96fb231dc86836,2952
- completed:
    hackage: stm-containers-1.1.0.4@sha256:f83a683357b6e3b1dda3e70d2077a37224ed534df1f74c4e11f3f6daa7945c5b,3248
    pantry-tree:
      size: 761
      sha256: 059c5a2d657d392aca0a887648f57380d6321734dc8879c056a44d4414308ac6
  original:
    hackage: stm-containers-1.1.0.4@sha256:f83a683357b6e3b1dda3e70d2077a37224ed534df1f74c4e11f3f6daa7945c5b,3248
- completed:
    hackage: di-df1-1.2.1@sha256:6be994f4d6acc4e9b498af00367d09e71fe6da42c6c2eb947ab49e19a6ba6e15,999
    pantry-tree:
      size: 424
      sha256: 5fd50fb50650ea9cda045ae0ae24f7de40b4cfccb9a91e5943dd5adf222991aa
  original:
    hackage: di-df1-1.2.1@sha256:6be994f4d6acc4e9b498af00367d09e71fe6da42c6c2eb947ab49e19a6ba6e15,999
- completed:
    hackage: di-handle-1.0.1@sha256:642ce26cc3b166e14782fb3d3acc4a15533e1021bcd6712704531f71c9483d24,720
    pantry-tree:
      size: 315
      sha256: f7612ded0cfa16bc04acf45d66cab4cbb3546ebfad816e69e91a768fa32ad7f9
  original:
    hackage: di-handle-1.0.1@sha256:642ce26cc3b166e14782fb3d3acc4a15533e1021bcd6712704531f71c9483d24,720
- completed:
    hackage: stm-hamt-1.2.0.4@sha256:7957497c022554b7599e790696d1a3e56359ad99e5da36a251894c626ca1f60a,3970
    pantry-tree:
      size: 1009
      sha256: d9a8be48da86bd4a2ba9d52ea29b9a74f1b686d439ba1bbfba04ab1a002391da
  original:
    hackage: stm-hamt-1.2.0.4@sha256:7957497c022554b7599e790696d1a3e56359ad99e5da36a251894c626ca1f60a,3970
- completed:
    hackage: primitive-extras-0.8@sha256:fca0310150496867f5b9421fe1541ecda87fae17eae44885a29f9c52dd00c8ff,2963
    pantry-tree:
      size: 1105
      sha256: e7c1d26202b80d1fca2ef780ec7fe76ede1275f4d9a996c6d44c08d8de1c45db
  original:
    hackage: primitive-extras-0.8@sha256:fca0310150496867f5b9421fe1541ecda87fae17eae44885a29f9c52dd00c8ff,2963
- completed:
    hackage: primitive-unlifted-0.1.3.0@sha256:a98f827740f5dcf097d885b3a47c32f4462204449620abc9d51b8c4f8619f9e6,1427
    pantry-tree:
      size: 420
      sha256: c882dca2a96b98d02b0d21875b651edb11ac67d90e736c0de7a92c410a19eb7f
  original:
    hackage: primitive-unlifted-0.1.3.0@sha256:a98f827740f5dcf097d885b3a47c32f4462204449620abc9d51b8c4f8619f9e6,1427
- completed:
    hackage: discord-haskell-1.8.0@sha256:420515069c5be313dd31d16e9a4b163d2b3fdda18ba18e98cbb0b0536cbae136,3562
    pantry-tree:
      size: 2108
      sha256: 2d32f71b9d3e32f797ad6d614d748b491350ff0febb7e7bfc6f7fb595d752a0d
  original:
    hackage: discord-haskell-1.8.0@sha256:420515069c5be313dd31d16e9a4b163d2b3fdda18ba18e98cbb0b0536cbae136,3562
- completed:
    hackage: emoji-0.1.0.2@sha256:d995572a5c7dcd28f98eb15c6e387a7b3bda1ac2477ab0d9dba8580d5d7b161f,1273
    pantry-tree:
      size: 437
      sha256: dd9ea90a631342e5db0fc21331ade4d563a685e9125d5a3989eefa8e1b96c6c6
  original:
    hackage: emoji-0.1.0.2@sha256:d995572a5c7dcd28f98eb15c6e387a7b3bda1ac2477ab0d9dba8580d5d7b161f,1273
snapshots:
- completed:
    size: 533053
    url: https://raw.githubusercontent.com/commercialhaskell/stackage-snapshots/master/lts/16/28.yaml
    sha256: a9c01d860ac8dfb3a1b6f7ec4a36dd9504a95392b89c99b0877da63fa36a8e97
  original: lts-16.28
